
Microsoft Visual Studio Solution File, Format Version 12.00
# Visual Studio 2012
Project("{FAE04EC0-301F-11D3-BF4B-00C04F79EFBC}") = "AirQualityService", "AirQualityService\AirQualityService.csproj", "{E11CA405-2FD4-4300-A604-5DD6B4086789}"
EndProject
Global
	GlobalSection(SolutionConfigurationPlatforms) = preSolution
		Debug|Any CPU = Debug|Any CPU
		Release|Any CPU = Release|Any CPU
	EndGlobalSection
	GlobalSection(ProjectConfigurationPlatforms) = postSolution
		{E11CA405-2FD4-4300-A604-5DD6B4086789}.Debug|Any CPU.ActiveCfg = Debug|Any CPU
		{E11CA405-2FD4-4300-A604-5DD6B4086789}.Debug|Any CPU.Build.0 = Debug|Any CPU
		{E11CA405-2FD4-4300-A604-5DD6B4086789}.Release|Any CPU.ActiveCfg = Release|Any CPU
		{E11CA405-2FD4-4300-A604-5DD6B4086789}.Release|Any CPU.Build.0 = Release|Any CPU
	EndGlobalSection
EndGlobal
